PODS:
  - AparajitaCapacitorSecureStorage (7.1.6):
    - Capacitor
    - KeychainSwift (~> 21.0)
  - Capacitor (7.4.4):
    - CapacitorCordova
  - CapacitorApp (7.1.2):
    - Capacitor
  - CapacitorCordova (7.4.4)
  - CapacitorNetwork (7.0.4):
    - Capacitor
  - CapacitorPreferences (7.0.4):
    - Capacitor
  - CapacitorScreenOrientation (7.0.4):
    - Capacitor
  - CapacitorSplashScreen (7.0.5):
    - Capacitor
  - CapacitorStatusBar (7.0.6):
    - Capacitor
  - KeychainSwift (21.0.0)

DEPENDENCIES:
  - "AparajitaCapacitorSecureStorage (from `../../node_modules/@aparajita/capacitor-secure-storage`)"
  - "Capacitor (from `../../node_modules/@capacitor/ios`)"
  - "CapacitorApp (from `../../node_modules/@capacitor/app`)"
  - "CapacitorCordova (from `../../node_modules/@capacitor/ios`)"
  - "CapacitorNetwork (from `../../node_modules/@capacitor/network`)"
  - "CapacitorPreferences (from `../../node_modules/@capacitor/preferences`)"
  - "CapacitorScreenOrientation (from `../../node_modules/@capacitor/screen-orientation`)"
  - "CapacitorSplashScreen (from `../../node_modules/@capacitor/splash-screen`)"
  - "CapacitorStatusBar (from `../../node_modules/@capacitor/status-bar`)"

SPEC REPOS:
  trunk:
    - KeychainSwift

EXTERNAL SOURCES:
  AparajitaCapacitorSecureStorage:
    :path: "../../node_modules/@aparajita/capacitor-secure-storage"
  Capacitor:
    :path: "../../node_modules/@capacitor/ios"
  CapacitorApp:
    :path: "../../node_modules/@capacitor/app"
  CapacitorCordova:
    :path: "../../node_modules/@capacitor/ios"
  CapacitorNetwork:
    :path: "../../node_modules/@capacitor/network"
  CapacitorPreferences:
    :path: "../../node_modules/@capacitor/preferences"
  CapacitorScreenOrientation:
    :path: "../../node_modules/@capacitor/screen-orientation"
  CapacitorSplashScreen:
    :path: "../../node_modules/@capacitor/splash-screen"
  CapacitorStatusBar:
    :path: "../../node_modules/@capacitor/status-bar"

SPEC CHECKSUMS:
  AparajitaCapacitorSecureStorage: 502bff73187cf9d0164459458ccf47ec65d5895a
  Capacitor: 358dd1c3fdd71d969547b17e159fd8a7736cb45f
  CapacitorApp: f01a913211780e0718dae9750442c3e23f96e106
  CapacitorCordova: bf648a636f3c153f652d312ae145fb508b6ffced
  CapacitorNetwork: b719d692a8d1310da8d26d6648d3aa1ef1e100e1
  CapacitorPreferences: 69d9991307507aeab8ef8019c10b9babfda0e9ca
  CapacitorScreenOrientation: a128ea5394d31a12d77f7f6bcb497010945ecda8
  CapacitorSplashScreen: 409eeaaeac603d264f209c0fcb718aa22fe1f7bb
  CapacitorStatusBar: 416e9e53fd6397e668d4a181cd2131617d949bd6
  KeychainSwift: 4a71a45c802fd9e73906457c2dcbdbdc06c9419d

PODFILE CHECKSUM: 67c74bba0ba4c88ad202552b80a98e3d9e6c9718

COCOAPODS: 1.16.2
